
Microsoft Visual Studio Solution File, Format Version 12.00
# Visual Studio 15
VisualStudioVersion = 15.0.27004.2005
MinimumVisualStudioVersion = 10.0.40219.1
Project("{9A19103F-16F7-4668-BE54-9A1E7A4F7556}") = "SessionSuccessGaugeFunctions", "SessionSuccessGaugeFunctions.csproj", "{EC1738FA-5D14-4430-A533-940B5EB1176A}"
EndProject
Global
	GlobalSection(SolutionConfigurationPlatforms) = preSolution
		Debug|Any CPU = Debug|Any CPU
		Release|Any CPU = Release|Any CPU
	EndGlobalSection
	GlobalSection(ProjectConfigurationPlatforms) = postSolution
		{EC1738FA-5D14-4430-A533-940B5EB1176A}.Debug|Any CPU.ActiveCfg = Debug|Any CPU
		{EC1738FA-5D14-4430-A533-940B5EB1176A}.Debug|Any CPU.Build.0 = Debug|Any CPU
		{EC1738FA-5D14-4430-A533-940B5EB1176A}.Release|Any CPU.ActiveCfg = Release|Any CPU
		{EC1738FA-5D14-4430-A533-940B5EB1176A}.Release|Any CPU.Build.0 = Release|Any CPU
	EndGlobalSection
	GlobalSection(SolutionProperties) = preSolution
		HideSolutionNode = FALSE
	EndGlobalSection
	GlobalSection(ExtensibilityGlobals) = postSolution
		SolutionGuid = {92273FC9-F86D-4CD7-9DA6-4D9CD7553336}
	EndGlobalSection
EndGlobal
